
Microsoft Visual Studio Solution File, Format Version 12.00
# Visual Studio Version 17
VisualStudioVersion = 17.3.32929.385
MinimumVisualStudioVersion = 10.0.40219.1
Project("{FAE04EC0-301F-11D3-BF4B-00C04F79EFBC}") = "LibreriaEmpleado", "LibreriaEmpleado\LibreriaEmpleado.csproj", "{7336BAEE-015B-47A3-ADC3-FFCF965DA8DB}"
EndProject
Project("{FAE04EC0-301F-11D3-BF4B-00C04F79EFBC}") = "PresentacionWindows", "PresentacionWindows\PresentacionWindows.csproj", "{497C57DF-93C3-44FD-9790-6027CA0CBF34}"
EndProject
Project("{FAE04EC0-301F-11D3-BF4B-00C04F79EFBC}") = "WindowsEmpleados", "WindowsEmpleados\WindowsEmpleados.csproj", "{C3587141-30D5-4046-BF71-D8CD0191E5CA}"
EndProject
Global
	GlobalSection(SolutionConfigurationPlatforms) = preSolution
		Debug|Any CPU = Debug|Any CPU
		Release|Any CPU = Release|Any CPU
	EndGlobalSection
	GlobalSection(ProjectConfigurationPlatforms) = postSolution
		{7336BAEE-015B-47A3-ADC3-FFCF965DA8DB}.Debug|Any CPU.ActiveCfg = Debug|Any CPU
		{7336BAEE-015B-47A3-ADC3-FFCF965DA8DB}.Debug|Any CPU.Build.0 = Debug|Any CPU
		{7336BAEE-015B-47A3-ADC3-FFCF965DA8DB}.Release|Any CPU.ActiveCfg = Release|Any CPU
		{7336BAEE-015B-47A3-ADC3-FFCF965DA8DB}.Release|Any CPU.Build.0 = Release|Any CPU
		{497C57DF-93C3-44FD-9790-6027CA0CBF34}.Debug|Any CPU.ActiveCfg = Debug|Any CPU
		{497C57DF-93C3-44FD-9790-6027CA0CBF34}.Debug|Any CPU.Build.0 = Debug|Any CPU
		{497C57DF-93C3-44FD-9790-6027CA0CBF34}.Release|Any CPU.ActiveCfg = Release|Any CPU
		{497C57DF-93C3-44FD-9790-6027CA0CBF34}.Release|Any CPU.Build.0 = Release|Any CPU
		{C3587141-30D5-4046-BF71-D8CD0191E5CA}.Debug|Any CPU.ActiveCfg = Debug|Any CPU
		{C3587141-30D5-4046-BF71-D8CD0191E5CA}.Debug|Any CPU.Build.0 = Debug|Any CPU
		{C3587141-30D5-4046-BF71-D8CD0191E5CA}.Release|Any CPU.ActiveCfg = Release|Any CPU
		{C3587141-30D5-4046-BF71-D8CD0191E5CA}.Release|Any CPU.Build.0 = Release|Any CPU
	EndGlobalSection
	GlobalSection(SolutionProperties) = preSolution
		HideSolutionNode = FALSE
	EndGlobalSection
	GlobalSection(ExtensibilityGlobals) = postSolution
		SolutionGuid = {DC6313F2-D43A-4AEA-BB6C-FA34025FA42A}
	EndGlobalSection
EndGlobal
